
Microsoft Visual Studio Solution File, Format Version 12.00
# Visual Studio Version 17
VisualStudioVersion = 17.6.33829.357
MinimumVisualStudioVersion = 10.0.40219.1
Project("{FAE04EC0-301F-11D3-BF4B-00C04F79EFBC}") = "Bugzilla_Automated_Test_V2", "Bugzilla_Automated_Test_V2\Bugzilla_Automated_Test_V2.csproj", "{06363C6A-ECD2-4B9E-A7AA-8DB4C0302DE9}"
EndProject
Global
	GlobalSection(SolutionConfigurationPlatforms) = preSolution
		Debug|Any CPU = Debug|Any CPU
		Release|Any CPU = Release|Any CPU
	EndGlobalSection
	GlobalSection(ProjectConfigurationPlatforms) = postSolution
		{06363C6A-ECD2-4B9E-A7AA-8DB4C0302DE9}.Debug|Any CPU.ActiveCfg = Debug|Any CPU
		{06363C6A-ECD2-4B9E-A7AA-8DB4C0302DE9}.Debug|Any CPU.Build.0 = Debug|Any CPU
		{06363C6A-ECD2-4B9E-A7AA-8DB4C0302DE9}.Release|Any CPU.ActiveCfg = Release|Any CPU
		{06363C6A-ECD2-4B9E-A7AA-8DB4C0302DE9}.Release|Any CPU.Build.0 = Release|Any CPU
	EndGlobalSection
	GlobalSection(SolutionProperties) = preSolution
		HideSolutionNode = FALSE
	EndGlobalSection
	GlobalSection(ExtensibilityGlobals) = postSolution
		SolutionGuid = {22B021CA-2973-4B30-B1D2-A28A81239106}
	EndGlobalSection
EndGlobal
